
Microsoft Visual Studio Solution File, Format Version 12.00
# Visual Studio Version 16
VisualStudioVersion = 16.0.32228.343
MinimumVisualStudioVersion = 10.0.40219.1
Project("{FAE04EC0-301F-11D3-BF4B-00C04F79EFBC}") = "OSProject", "OSProject\OSProject.csproj", "{26CC3018-2E87-4A1F-97FE-FD7DDF08ADE0}"
EndProject
Global
	GlobalSection(SolutionConfigurationPlatforms) = preSolution
		Debug|Any CPU = Debug|Any CPU
		Release|Any CPU = Release|Any CPU
	EndGlobalSection
	GlobalSection(ProjectConfigurationPlatforms) = postSolution
		{26CC3018-2E87-4A1F-97FE-FD7DDF08ADE0}.Debug|Any CPU.ActiveCfg = Debug|Any CPU
		{26CC3018-2E87-4A1F-97FE-FD7DDF08ADE0}.Debug|Any CPU.Build.0 = Debug|Any CPU
		{26CC3018-2E87-4A1F-97FE-FD7DDF08ADE0}.Release|Any CPU.ActiveCfg = Release|Any CPU
		{26CC3018-2E87-4A1F-97FE-FD7DDF08ADE0}.Release|Any CPU.Build.0 = Release|Any CPU
	EndGlobalSection
	GlobalSection(SolutionProperties) = preSolution
		HideSolutionNode = FALSE
	EndGlobalSection
	GlobalSection(ExtensibilityGlobals) = postSolution
		SolutionGuid = {87958D39-E09B-49EB-841F-C8CD1E16D6E0}
	EndGlobalSection
EndGlobal
